// !$*UTF8*$!
{
	archiveVersion = 1;
	classes = {
	};
	objectVersion = 46;
	objects = {

/* Begin PBXBuildFile section */
		38D379CB1F09CE95006FCC6E /* AppDelegate.swift in Sources */ = {isa = PBXBuildFile; fileRef = 38D379CA1F09CE95006FCC6E /* AppDelegate.swift */; };
		38D379CD1F09CE95006FCC6E /* ViewController.swift in Sources */ = {isa = PBXBuildFile; fileRef = 38D379CC1F09CE95006FCC6E /* ViewController.swift */; };
		38D379D01F09CE95006FCC6E /* Main.storyboard in Resources */ = {isa = PBXBuildFile; fileRef = 38D379CE1F09CE95006FCC6E /* Main.storyboard */; };
		38D379D21F09CE95006FCC6E /* Assets.xcassets in Resources */ = {isa = PBXBuildFile; fileRef = 38D379D11F09CE95006FCC6E /* Assets.xcassets */; };
		38D379D51F09CE95006FCC6E /* LaunchScreen.storyboard in Resources */ = {isa = PBXBuildFile; fileRef = 38D379D31F09CE95006FCC6E /* LaunchScreen.storyboard */; };
		38D379DC1F09D778006FCC6E /* Pods_ElogationPreview.framework in Resources */ = {isa = PBXBuildFile; fileRef = 54A2CFD57C1091F0B6FCC6E3 /* Pods_ElogationPreview.framework */; };
		38D379DD1F09D781006FCC6E /* Pods_ElogationPreview.framework in Sources */ = {isa = PBXBuildFile; fileRef = 54A2CFD57C1091F0B6FCC6E3 /* Pods_ElogationPreview.framework */; };
		38D379E41F09D920006FCC6E /* DetailViewController.swift in Sources */ = {isa = PBXBuildFile; fileRef = 38D379E31F09D920006FCC6E /* DetailViewController.swift */; };
		38D379E71F09D9EB006FCC6E /* Villa.swift in Sources */ = {isa = PBXBuildFile; fileRef = 38D379E61F09D9EB006FCC6E /* Villa.swift */; };
		38D379EA1F09DA7D006FCC6E /* LoremSwiftum.swift in Sources */ = {isa = PBXBuildFile; fileRef = 38D379E91F09DA7D006FCC6E /* LoremSwiftum.swift */; };
		38D379F21F09DFA6006FCC6E /* Ultra Miami.jpg in Resources */ = {isa = PBXBuildFile; fileRef = 38D379F11F09DFA6006FCC6E /* Ultra Miami.jpg */; };
		38D379F41F09DFF3006FCC6E /* Electric Zoo.jpg in Resources */ = {isa = PBXBuildFile; fileRef = 38D379F31F09DFF3006FCC6E /* Electric Zoo.jpg */; };
		38D379FA1F09E001006FCC6E /* Coachella.jpg in Resources */ = {isa = PBXBuildFile; fileRef = 38D379F51F09E000006FCC6E /* Coachella.jpg */; };
		38D379FB1F09E001006FCC6E /* Electric Forest.jpg in Resources */ = {isa = PBXBuildFile; fileRef = 38D379F61F09E001006FCC6E /* Electric Forest.jpg */; };
		38D379FC1F09E001006FCC6E /* Bonnaroo.jpg in Resources */ = {isa = PBXBuildFile; fileRef = 38D379F71F09E001006FCC6E /* Bonnaroo.jpg */; };
		38D379FD1F09E001006FCC6E /* Lollapalooza.jpg in Resources */ = {isa = PBXBuildFile; fileRef = 38D379F81F09E001006FCC6E /* Lollapalooza.jpg */; };
		38D379FE1F09E001006FCC6E /* EDC.jpg in Resources */ = {isa = PBXBuildFile; fileRef = 38D379F91F09E001006FCC6E /* EDC.jpg */; };
		38D37A081F09EC47006FCC6E /* DemoElongationCell.swift in Sources */ = {isa = PBXBuildFile; fileRef = 38D37A061F09EC47006FCC6E /* DemoElongationCell.swift */; };
		38D37A091F09EC47006FCC6E /* DemoElongationCell.xib in Resources */ = {isa = PBXBuildFile; fileRef = 38D37A071F09EC47006FCC6E /* DemoElongationCell.xib */; };
		38D37A0C1F09ED1C006FCC6E /* GridViewCell.swift in Sources */ = {isa = PBXBuildFile; fileRef = 38D37A0A1F09ED1C006FCC6E /* GridViewCell.swift */; };
		38D37A0D1F09ED1C006FCC6E /* GridViewCell.xib in Resources */ = {isa = PBXBuildFile; fileRef = 38D37A0B1F09ED1C006FCC6E /* GridViewCell.xib */; };
		6795C8B6CD38C90877E21249 /* Pods_ElogationPreview.framework in Frameworks */ = {isa = PBXBuildFile; fileRef = 54A2CFD57C1091F0B6FCC6E3 /* Pods_ElogationPreview.framework */; };
/* End PBXBuildFile section */

/* Begin PBXFileReference section */
		36B48EA332FC8AF5669BBF7F /* Pods-ElogationPreview.release.xcconfig */ = {isa = PBXFileReference; includeInIndex = 1; lastKnownFileType = text.xcconfig; name = "Pods-ElogationPreview.release.xcconfig"; path = "Pods/Target Support Files/Pods-ElogationPreview/Pods-ElogationPreview.release.xcconfig"; sourceTree = "<group>"; };
		38D379C71F09CE95006FCC6E /* ElogationPreview.app */ = {isa = PBXFileReference; explicitFileType = wrapper.application; includeInIndex = 0; path = ElogationPreview.app; sourceTree = BUILT_PRODUCTS_DIR; };
		38D379CA1F09CE95006FCC6E /* AppDelegate.swift */ = {isa = PBXFileReference; lastKnownFileType = sourcecode.swift; path = AppDelegate.swift; sourceTree = "<group>"; };
		38D379CC1F09CE95006FCC6E /* ViewController.swift */ = {isa = PBXFileReference; lastKnownFileType = sourcecode.swift; path = ViewController.swift; sourceTree = "<group>"; };
		38D379CF1F09CE95006FCC6E /* Base */ = {isa = PBXFileReference; lastKnownFileType = file.storyboard; name = Base; path = Base.lproj/Main.storyboard; sourceTree = "<group>"; };
		38D379D11F09CE95006FCC6E /* Assets.xcassets */ = {isa = PBXFileReference; lastKnownFileType = folder.assetcatalog; path = Assets.xcassets; sourceTree = "<group>"; };
		38D379D41F09CE95006FCC6E /* Base */ = {isa = PBXFileReference; lastKnownFileType = file.storyboard; name = Base; path = Base.lproj/LaunchScreen.storyboard; sourceTree = "<group>"; };
		38D379D61F09CE95006FCC6E /* Info.plist */ = {isa = PBXFileReference; lastKnownFileType = text.plist.xml; path = Info.plist; sourceTree = "<group>"; };
		38D379E31F09D920006FCC6E /* DetailViewController.swift */ = {isa = PBXFileReference; fileEncoding = 4; lastKnownFileType = sourcecode.swift; path = DetailViewController.swift; sourceTree = "<group>"; };
		38D379E61F09D9EB006FCC6E /* Villa.swift */ = {isa = PBXFileReference; fileEncoding = 4; lastKnownFileType = sourcecode.swift; path = Villa.swift; sourceTree = "<group>"; };
		38D379E91F09DA7D006FCC6E /* LoremSwiftum.swift */ = {isa = PBXFileReference; fileEncoding = 4; lastKnownFileType = sourcecode.swift; path = LoremSwiftum.swift; sourceTree = "<group>"; };
		38D379F11F09DFA6006FCC6E /* Ultra Miami.jpg */ = {isa = PBXFileReference; lastKnownFileType = image.jpeg; path = "Ultra Miami.jpg"; sourceTree = "<group>"; };
		38D379F31F09DFF3006FCC6E /* Electric Zoo.jpg */ = {isa = PBXFileReference; lastKnownFileType = image.jpeg; path = "Electric Zoo.jpg"; sourceTree = "<group>"; };
		38D379F51F09E000006FCC6E /* Coachella.jpg */ = {isa = PBXFileReference; lastKnownFileType = image.jpeg; path = Coachella.jpg; sourceTree = "<group>"; };
		38D379F61F09E001006FCC6E /* Electric Forest.jpg */ = {isa = PBXFileReference; lastKnownFileType = image.jpeg; path = "Electric Forest.jpg"; sourceTree = "<group>"; };
		38D379F71F09E001006FCC6E /* Bonnaroo.jpg */ = {isa = PBXFileReference; lastKnownFileType = image.jpeg; path = Bonnaroo.jpg; sourceTree = "<group>"; };
		38D379F81F09E001006FCC6E /* Lollapalooza.jpg */ = {isa = PBXFileReference; lastKnownFileType = image.jpeg; path = Lollapalooza.jpg; sourceTree = "<group>"; };
		38D379F91F09E001006FCC6E /* EDC.jpg */ = {isa = PBXFileReference; lastKnownFileType = image.jpeg; path = EDC.jpg; sourceTree = "<group>"; };
		38D37A061F09EC47006FCC6E /* DemoElongationCell.swift */ = {isa = PBXFileReference; fileEncoding = 4; lastKnownFileType = sourcecode.swift; path = DemoElongationCell.swift; sourceTree = "<group>"; };
		38D37A071F09EC47006FCC6E /* DemoElongationCell.xib */ = {isa = PBXFileReference; fileEncoding = 4; lastKnownFileType = file.xib; path = DemoElongationCell.xib; sourceTree = "<group>"; };
		38D37A0A1F09ED1C006FCC6E /* GridViewCell.swift */ = {isa = PBXFileReference; fileEncoding = 4; lastKnownFileType = sourcecode.swift; path = GridViewCell.swift; sourceTree = "<group>"; };
		38D37A0B1F09ED1C006FCC6E /* GridViewCell.xib */ = {isa = PBXFileReference; fileEncoding = 4; lastKnownFileType = file.xib; path = GridViewCell.xib; sourceTree = "<group>"; };
		506D066626D57CD862FDFE1A /* Pods-ElogationPreview.debug.xcconfig */ = {isa = PBXFileReference; includeInIndex = 1; lastKnownFileType = text.xcconfig; name = "Pods-ElogationPreview.debug.xcconfig"; path = "Pods/Target Support Files/Pods-ElogationPreview/Pods-ElogationPreview.debug.xcconfig"; sourceTree = "<group>"; };
		54A2CFD57C1091F0B6FCC6E3 /* Pods_ElogationPreview.framework */ = {isa = PBXFileReference; explicitFileType = wrapper.framework; includeInIndex = 0; path = Pods_ElogationPreview.framework; sourceTree = BUILT_PRODUCTS_DIR; };
/* End PBXFileReference section */

/* Begin PBXFrameworksBuildPhase section */
		38D379C41F09CE95006FCC6E /* Frameworks */ = {
			isa = PBXFrameworksBuildPhase;
			buildActionMask = 2147483647;
			files = (
				6795C8B6CD38C90877E21249 /* Pods_ElogationPreview.framework in Frameworks */,
			);
			runOnlyForDeploymentPostprocessing = 0;
		};
/* End PBXFrameworksBuildPhase section */

/* Begin PBXGroup section */
		38D379BE1F09CE95006FCC6E = {
			isa = PBXGroup;
			children = (
				38D379C91F09CE95006FCC6E /* ElogationPreview */,
				38D379C81F09CE95006FCC6E /* Products */,
				C20D219D07F610964ADBA40C /* Pods */,
				FEBD5B4F0BE52D32E81849C1 /* Frameworks */,
			);
			sourceTree = "<group>";
		};
		38D379C81F09CE95006FCC6E /* Products */ = {
			isa = PBXGroup;
			children = (
				38D379C71F09CE95006FCC6E /* ElogationPreview.app */,
			);
			name = Products;
			sourceTree = "<group>";
		};
		38D379C91F09CE95006FCC6E /* ElogationPreview */ = {
			isa = PBXGroup;
			children = (
				38D379E81F09DA4F006FCC6E /* Helpers */,
				38D379E51F09D9AE006FCC6E /* Model */,
				38D379DE1F09D7FF006FCC6E /* Views */,
				38D379CA1F09CE95006FCC6E /* AppDelegate.swift */,
				38D379E31F09D920006FCC6E /* DetailViewController.swift */,
				38D379CC1F09CE95006FCC6E /* ViewController.swift */,
				38D379CE1F09CE95006FCC6E /* Main.storyboard */,
				38D379FF1F09E006006FCC6E /* Images */,
				38D379D11F09CE95006FCC6E /* Assets.xcassets */,
				38D379D31F09CE95006FCC6E /* LaunchScreen.storyboard */,
				38D379D61F09CE95006FCC6E /* Info.plist */,
			);
			path = ElogationPreview;
			sourceTree = "<group>";
		};
		38D379DE1F09D7FF006FCC6E /* Views */ = {
			isa = PBXGroup;
			children = (
				38D37A051F09EC2D006FCC6E /* DemoElongationCell */,
				38D37A021F09EBDD006FCC6E /* GridViewCell */,
			);
			name = Views;
			path = ../Views;
			sourceTree = "<group>";
		};
		38D379E51F09D9AE006FCC6E /* Model */ = {
			isa = PBXGroup;
			children = (
				38D379E61F09D9EB006FCC6E /* Villa.swift */,
			);
			name = Model;
			path = Villa;
			sourceTree = "<group>";
		};
		38D379E81F09DA4F006FCC6E /* Helpers */ = {
			isa = PBXGroup;
			children = (
				38D379E91F09DA7D006FCC6E /* LoremSwiftum.swift */,
			);
			path = Helpers;
			sourceTree = "<group>";
		};
		38D379FF1F09E006006FCC6E /* Images */ = {
			isa = PBXGroup;
			children = (
				38D379F31F09DFF3006FCC6E /* Electric Zoo.jpg */,
				38D379F11F09DFA6006FCC6E /* Ultra Miami.jpg */,
				38D379F51F09E000006FCC6E /* Coachella.jpg */,
				38D379F61F09E001006FCC6E /* Electric Forest.jpg */,
				38D379F71F09E001006FCC6E /* Bonnaroo.jpg */,
				38D379F81F09E001006FCC6E /* Lollapalooza.jpg */,
				38D379F91F09E001006FCC6E /* EDC.jpg */,
			);
			path = Images;
			sourceTree = "<group>";
		};
		38D37A021F09EBDD006FCC6E /* GridViewCell */ = {
			isa = PBXGroup;
			children = (
				38D37A0A1F09ED1C006FCC6E /* GridViewCell.swift */,
				38D37A0B1F09ED1C006FCC6E /* GridViewCell.xib */,
			);
			name = GridViewCell;
			path = ../ElogationPreview/Views/GridViewCell;
			sourceTree = "<group>";
		};
		38D37A051F09EC2D006FCC6E /* DemoElongationCell */ = {
			isa = PBXGroup;
			children = (
				38D37A061F09EC47006FCC6E /* DemoElongationCell.swift */,
				38D37A071F09EC47006FCC6E /* DemoElongationCell.xib */,
			);
			name = DemoElongationCell;
			path = ../ElogationPreview/Views/DemoElongationCell;
			sourceTree = "<group>";
		};
		C20D219D07F610964ADBA40C /* Pods */ = {
			isa = PBXGroup;
			children = (
				506D066626D57CD862FDFE1A /* Pods-ElogationPreview.debug.xcconfig */,
				36B48EA332FC8AF5669BBF7F /* Pods-ElogationPreview.release.xcconfig */,
			);
			name = Pods;
			sourceTree = "<group>";
		};
		FEBD5B4F0BE52D32E81849C1 /* Frameworks */ = {
			isa = PBXGroup;
			children = (
				54A2CFD57C1091F0B6FCC6E3 /* Pods_ElogationPreview.framework */,
			);
			name = Frameworks;
			sourceTree = "<group>";
		};
/* End PBXGroup section */

/* Begin PBXNativeTarget section */
		38D379C61F09CE95006FCC6E /* ElogationPreview */ = {
			isa = PBXNativeTarget;
			buildConfigurationList = 38D379D91F09CE95006FCC6E /* Build configuration list for PBXNativeTarget "ElogationPreview" */;
			buildPhases = (
				162E4E8E4929644CEF33B432 /* [CP] Check Pods Manifest.lock */,
				38D379C31F09CE95006FCC6E /* Sources */,
				38D379C41F09CE95006FCC6E /* Frameworks */,
				38D379C51F09CE95006FCC6E /* Resources */,
				D5108EABE170F72529927E7B /* [CP] Embed Pods Frameworks */,
				3188DF98404EDBB0884083B2 /* [CP] Copy Pods Resources */,
			);
			buildRules = (
			);
			dependencies = (
			);
			name = ElogationPreview;
			productName = ElogationPreview;
			productReference = 38D379C71F09CE95006FCC6E /* ElogationPreview.app */;
			productType = "com.apple.product-type.application";
		};
/* End PBXNativeTarget section */

/* Begin PBXProject section */
		38D379BF1F09CE95006FCC6E /* Project object */ = {
			isa = PBXProject;
			attributes = {
				LastSwiftUpdateCheck = 0830;
				LastUpgradeCheck = 0830;
				ORGANIZATIONNAME = "Caelan Dailey";
				TargetAttributes = {
					38D379C61F09CE95006FCC6E = {
						CreatedOnToolsVersion = 8.3.3;
						DevelopmentTeam = N3VBXEQWW6;
						ProvisioningStyle = Automatic;
					};
				};
			};
			buildConfigurationList = 38D379C21F09CE95006FCC6E /* Build configuration list for PBXProject "ElogationPreview" */;
			compatibilityVersion = "Xcode 3.2";
			developmentRegion = English;
			hasScannedForEncodings = 0;
			knownRegions = (
				en,
				Base,
			);
			mainGroup = 38D379BE1F09CE95006FCC6E;
			productRefGroup = 38D379C81F09CE95006FCC6E /* Products */;
			projectDirPath = "";
			projectRoot = "";
			targets = (
				38D379C61F09CE95006FCC6E /* ElogationPreview */,
			);
		};
/* End PBXProject section */

/* Begin PBXResourcesBuildPhase section */
		38D379C51F09CE95006FCC6E /* Resources */ = {
			isa = PBXResourcesBuildPhase;
			buildActionMask = 2147483647;
			files = (
				38D379F21F09DFA6006FCC6E /* Ultra Miami.jpg in Resources */,
				38D379FD1F09E001006FCC6E /* Lollapalooza.jpg in Resources */,
				38D379FE1F09E001006FCC6E /* EDC.jpg in Resources */,
				38D379DC1F09D778006FCC6E /* Pods_ElogationPreview.framework in Resources */,
				38D379FB1F09E001006FCC6E /* Electric Forest.jpg in Resources */,
				38D379F41F09DFF3006FCC6E /* Electric Zoo.jpg in Resources */,
				38D379D51F09CE95006FCC6E /* LaunchScreen.storyboard in Resources */,
				38D379FA1F09E001006FCC6E /* Coachella.jpg in Resources */,
				38D37A091F09EC47006FCC6E /* DemoElongationCell.xib in Resources */,
				38D379D21F09CE95006FCC6E /* Assets.xcassets in Resources */,
				38D379D01F09CE95006FCC6E /* Main.storyboard in Resources */,
				38D379FC1F09E001006FCC6E /* Bonnaroo.jpg in Resources */,
				38D37A0D1F09ED1C006FCC6E /* GridViewCell.xib in Resources */,
			);
			runOnlyForDeploymentPostprocessing = 0;
		};
/* End PBXResourcesBuildPhase section */

/* Begin PBXShellScriptBuildPhase section */
		162E4E8E4929644CEF33B432 /* [CP] Check Pods Manifest.lock */ = {
			isa = PBXShellScriptBuildPhase;
			buildActionMask = 2147483647;
			files = (
			);
			inputPaths = (
			);
			name = "[CP] Check Pods Manifest.lock";
			outputPaths = (
			);
			runOnlyForDeploymentPostprocessing = 0;
			shellPath = /bin/sh;
			shellScript = "diff \"${PODS_PODFILE_DIR_PATH}/Podfile.lock\" \"${PODS_ROOT}/Manifest.lock\" > /dev/null\nif [ $? != 0 ] ; then\n    # print error to STDERR\n    echo \"error: The sandbox is not in sync with the Podfile.lock. Run 'pod install' or update your CocoaPods installation.\" >&2\n    exit 1\nfi\n";
			showEnvVarsInLog = 0;
		};
		3188DF98404EDBB0884083B2 /* [CP] Copy Pods Resources */ = {
			isa = PBXShellScriptBuildPhase;
			buildActionMask = 2147483647;
			files = (
			);
			inputPaths = (
			);
			name = "[CP] Copy Pods Resources";
			outputPaths = (
			);
			runOnlyForDeploymentPostprocessing = 0;
			shellPath = /bin/sh;
			shellScript = "\"${SRCROOT}/Pods/Target Support Files/Pods-ElogationPreview/Pods-ElogationPreview-resources.sh\"\n";
			showEnvVarsInLog = 0;
		};
		D5108EABE170F72529927E7B /* [CP] Embed Pods Frameworks */ = {
			isa = PBXShellScriptBuildPhase;
			buildActionMask = 2147483647;
			files = (
			);
			inputPaths = (
			);
			name = "[CP] Embed Pods Frameworks";
			outputPaths = (
			);
			runOnlyForDeploymentPostprocessing = 0;
			shellPath = /bin/sh;
			shellScript = "\"${SRCROOT}/Pods/Target Support Files/Pods-ElogationPreview/Pods-ElogationPreview-frameworks.sh\"\n";
			showEnvVarsInLog = 0;
		};
/* End PBXShellScriptBuildPhase section */

/* Begin PBXSourcesBuildPhase section */
		38D379C31F09CE95006FCC6E /* Sources */ = {
			isa = PBXSourcesBuildPhase;
			buildActionMask = 2147483647;
			files = (
				38D37A081F09EC47006FCC6E /* DemoElongationCell.swift in Sources */,
				38D379E71F09D9EB006FCC6E /* Villa.swift in Sources */,
				38D379EA1F09DA7D006FCC6E /* LoremSwiftum.swift in Sources */,
				38D379DD1F09D781006FCC6E /* Pods_ElogationPreview.framework in Sources */,
				38D379E41F09D920006FCC6E /* DetailViewController.swift in Sources */,
				38D379CD1F09CE95006FCC6E /* ViewController.swift in Sources */,
				38D37A0C1F09ED1C006FCC6E /* GridViewCell.swift in Sources */,
				38D379CB1F09CE95006FCC6E /* AppDelegate.swift in Sources */,
			);
			runOnlyForDeploymentPostprocessing = 0;
		};
/* End PBXSourcesBuildPhase section */

/* Begin PBXVariantGroup section */
		38D379CE1F09CE95006FCC6E /* Main.storyboard */ = {
			isa = PBXVariantGroup;
			children = (
				38D379CF1F09CE95006FCC6E /* Base */,
			);
			name = Main.storyboard;
			sourceTree = "<group>";
		};
		38D379D31F09CE95006FCC6E /* LaunchScreen.storyboard */ = {
			isa = PBXVariantGroup;
			children = (
				38D379D41F09CE95006FCC6E /* Base */,
			);
			name = LaunchScreen.storyboard;
			sourceTree = "<group>";
		};
/* End PBXVariantGroup section */

/* Begin XCBuildConfiguration section */
		38D379D71F09CE95006FCC6E /* Debug */ = {
			isa = XCBuildConfiguration;
			buildSettings = {
				ALWAYS_SEARCH_USER_PATHS = NO;
				CLANG_ANALYZER_NONNULL = YES;
				CLANG_ANALYZER_NUMBER_OBJECT_CONVERSION = YES_AGGRESSIVE;
				CLANG_CXX_LANGUAGE_STANDARD = "gnu++0x";
				CLANG_CXX_LIBRARY = "libc++";
				CLANG_ENABLE_MODULES = YES;
				CLANG_ENABLE_OBJC_ARC = YES;
				CLANG_WARN_BOOL_CONVERSION = YES;
				CLANG_WARN_CONSTANT_CONVERSION = YES;
				CLANG_WARN_DIRECT_OBJC_ISA_USAGE = YES_ERROR;
				CLANG_WARN_DOCUMENTATION_COMMENTS = YES;
				CLANG_WARN_EMPTY_BODY = YES;
				CLANG_WARN_ENUM_CONVERSION = YES;
				CLANG_WARN_INFINITE_RECURSION = YES;
				CLANG_WARN_INT_CONVERSION = YES;
				CLANG_WARN_OBJC_ROOT_CLASS = YES_ERROR;
				CLANG_WARN_SUSPICIOUS_MOVE = YES;
				CLANG_WARN_UNREACHABLE_CODE = YES;
				CLANG_WARN__DUPLICATE_METHOD_MATCH = YES;
				"CODE_SIGN_IDENTITY[sdk=iphoneos*]" = "iPhone Developer";
				COPY_PHASE_STRIP = NO;
				DEBUG_INFORMATION_FORMAT = dwarf;
				ENABLE_STRICT_OBJC_MSGSEND = YES;
				ENABLE_TESTABILITY = YES;
				GCC_C_LANGUAGE_STANDARD = gnu99;
				GCC_DYNAMIC_NO_PIC = NO;
				GCC_NO_COMMON_BLOCKS = YES;
				GCC_OPTIMIZATION_LEVEL = 0;
				GCC_PREPROCESSOR_DEFINITIONS = (
					"DEBUG=1",
					"$(inherited)",
				);
				GCC_WARN_64_TO_32_BIT_CONVERSION = YES;
				GCC_WARN_ABOUT_RETURN_TYPE = YES_ERROR;
				GCC_WARN_UNDECLARED_SELECTOR = YES;
				GCC_WARN_UNINITIALIZED_AUTOS = YES_AGGRESSIVE;
				GCC_WARN_UNUSED_FUNCTION = YES;
				GCC_WARN_UNUSED_VARIABLE = YES;
				IPHONEOS_DEPLOYMENT_TARGET = 10.3;
				MTL_ENABLE_DEBUG_INFO = YES;
				ONLY_ACTIVE_ARCH = YES;
				SDKROOT = iphoneos;
				SWIFT_ACTIVE_COMPILATION_CONDITIONS = DEBUG;
				SWIFT_OPTIMIZATION_LEVEL = "-Onone";
			};
			name = Debug;
		};
		38D379D81F09CE95006FCC6E /* Release */ = {
			isa = XCBuildConfiguration;
			buildSettings = {
				ALWAYS_SEARCH_USER_PATHS = NO;
				CLANG_ANALYZER_NONNULL = YES;
				CLANG_ANALYZER_NUMBER_OBJECT_CONVERSION = YES_AGGRESSIVE;
				CLANG_CXX_LANGUAGE_STANDARD = "gnu++0x";
				CLANG_CXX_LIBRARY = "libc++";
				CLANG_ENABLE_MODULES = YES;
				CLANG_ENABLE_OBJC_ARC = YES;
				CLANG_WARN_BOOL_CONVERSION = YES;
				CLANG_WARN_CONSTANT_CONVERSION = YES;
				CLANG_WARN_DIRECT_OBJC_ISA_USAGE = YES_ERROR;
				CLANG_WARN_DOCUMENTATION_COMMENTS = YES;
				CLANG_WARN_EMPTY_BODY = YES;
				CLANG_WARN_ENUM_CONVERSION = YES;
				CLANG_WARN_INFINITE_RECURSION = YES;
				CLANG_WARN_INT_CONVERSION = YES;
				CLANG_WARN_OBJC_ROOT_CLASS = YES_ERROR;
				CLANG_WARN_SUSPICIOUS_MOVE = YES;
				CLANG_WARN_UNREACHABLE_CODE = YES;
				CLANG_WARN__DUPLICATE_METHOD_MATCH = YES;
				"CODE_SIGN_IDENTITY[sdk=iphoneos*]" = "iPhone Developer";
				COPY_PHASE_STRIP = NO;
				DEBUG_INFORMATION_FORMAT = "dwarf-with-dsym";
				ENABLE_NS_ASSERTIONS = NO;
				ENABLE_STRICT_OBJC_MSGSEND = YES;
				GCC_C_LANGUAGE_STANDARD = gnu99;
				GCC_NO_COMMON_BLOCKS = YES;
				GCC_WARN_64_TO_32_BIT_CONVERSION = YES;
				GCC_WARN_ABOUT_RETURN_TYPE = YES_ERROR;
				GCC_WARN_UNDECLARED_SELECTOR = YES;
				GCC_WARN_UNINITIALIZED_AUTOS = YES_AGGRESSIVE;
				GCC_WARN_UNUSED_FUNCTION = YES;
				GCC_WARN_UNUSED_VARIABLE = YES;
				IPHONEOS_DEPLOYMENT_TARGET = 10.3;
				MTL_ENABLE_DEBUG_INFO = NO;
				SDKROOT = iphoneos;
				SWIFT_OPTIMIZATION_LEVEL = "-Owholemodule";
				VALIDATE_PRODUCT = YES;
			};
			name = Release;
		};
		38D379DA1F09CE95006FCC6E /* Debug */ = {
			isa = XCBuildConfiguration;
			baseConfigurationReference = 506D066626D57CD862FDFE1A /* Pods-ElogationPreview.debug.xcconfig */;
			buildSettings = {
				ASSETCATALOG_COMPILER_APPICON_NAME = AppIcon;
				DEVELOPMENT_TEAM = N3VBXEQWW6;
				INFOPLIST_FILE = ElogationPreview/Info.plist;
				LD_RUNPATH_SEARCH_PATHS = "$(inherited) @executable_path/Frameworks";
				PRODUCT_BUNDLE_IDENTIFIER = csd.ElogationPreview;
				PRODUCT_NAME = "$(TARGET_NAME)";
				SWIFT_VERSION = 3.0;
			};
			name = Debug;
		};
		38D379DB1F09CE95006FCC6E /* Release */ = {
			isa = XCBuildConfiguration;
			baseConfigurationReference = 36B48EA332FC8AF5669BBF7F /* Pods-ElogationPreview.release.xcconfig */;
			buildSettings = {
				ASSETCATALOG_COMPILER_APPICON_NAME = AppIcon;
				DEVELOPMENT_TEAM = N3VBXEQWW6;
				INFOPLIST_FILE = ElogationPreview/Info.plist;
				LD_RUNPATH_SEARCH_PATHS = "$(inherited) @executable_path/Frameworks";
				PRODUCT_BUNDLE_IDENTIFIER = csd.ElogationPreview;
				PRODUCT_NAME = "$(TARGET_NAME)";
				SWIFT_VERSION = 3.0;
			};
			name = Release;
		};
/* End XCBuildConfiguration section */

/* Begin XCConfigurationList section */
		38D379C21F09CE95006FCC6E /* Build configuration list for PBXProject "ElogationPreview" */ = {
			isa = XCConfigurationList;
			buildConfigurations = (
				38D379D71F09CE95006FCC6E /* Debug */,
				38D379D81F09CE95006FCC6E /* Release */,
			);
			defaultConfigurationIsVisible = 0;
			defaultConfigurationName = Release;
		};
		38D379D91F09CE95006FCC6E /* Build configuration list for PBXNativeTarget "ElogationPreview" */ = {
			isa = XCConfigurationList;
			buildConfigurations = (
				38D379DA1F09CE95006FCC6E /* Debug */,
				38D379DB1F09CE95006FCC6E /* Release */,
			);
			defaultConfigurationIsVisible = 0;
			defaultConfigurationName = Release;
		};
/* End XCConfigurationList section */
	};
	rootObject = 38D379BF1F09CE95006FCC6E /* Project object */;
}
